{
  "nodes": {
    "bun2nix": {
      "inputs": {
        "flake-parts": "flake-parts",
        "import-tree": "import-tree",
        "nixpkgs": [
          "hunk",
          "nixpkgs"
        ],
        "systems": "systems",
        "treefmt-nix": "treefmt-nix"
      },
      "locked": {
        "lastModified": 1770895533,
        "narHash": "sha256-v3QaK9ugy9bN9RXDnjw0i2OifKmz2NnKM82agtqm/UY=",
        "owner": "nix-community",
        "repo": "bun2nix",
        "rev": "c843f477b15f51151f8c6bcc886954699440a6e1",
        "type": "github"
      },
      "original": {
        "owner": "nix-community",
        "repo": "bun2nix",
        "type": "github"
      }
    },
    "claude-code-overlay": {
      "inputs": {
        "nixpkgs": [
          "nixpkgs"
        ]
      },
      "locked": {
        "lastModified": 1781829044,
        "narHash": "sha256-XS5YlvRDDo+WjK+SUyIP4FvG1Mb2wcYBY4b1jRoorUE=",
        "owner": "ryoppippi",
        "repo": "claude-code-overlay",
        "rev": "10882a469fb71c2acb6d38fb7d4b2592991f6031",
        "type": "github"
      },
      "original": {
        "owner": "ryoppippi",
        "repo": "claude-code-overlay",
        "type": "github"
      }
    },
    "flake-parts": {
      "inputs": {
        "nixpkgs-lib": "nixpkgs-lib"
      },
      "locked": {
        "lastModified": 1769996383,
        "narHash": "sha256-AnYjnFWgS49RlqX7LrC4uA+sCCDBj0Ry/WOJ5XWAsa0=",
        "owner": "hercules-ci",
        "repo": "flake-parts",
        "rev": "57928607ea566b5db3ad13af0e57e921e6b12381",
        "type": "github"
      },
      "original": {
        "owner": "hercules-ci",
        "repo": "flake-parts",
        "type": "github"
      }
    },
    "hunk": {
      "inputs": {
        "bun2nix": "bun2nix",
        "nixpkgs": "nixpkgs"
      },
      "locked": {
        "lastModified": 1781888924,
        "narHash": "sha256-kbBELp3QZkuIw4eiftQq3V1BsUTlb6/PrhGxD1pZbHg=",
        "owner": "modem-dev",
        "repo": "hunk",
        "rev": "c1cfd5d7d20f2d870e87e46c9d23855b89257b14",
        "type": "github"
      },
      "original": {
        "owner": "modem-dev",
        "repo": "hunk",
        "type": "github"
      }
    },
    "import-tree": {
      "locked": {
        "lastModified": 1763762820,
        "narHash": "sha256-ZvYKbFib3AEwiNMLsejb/CWs/OL/srFQ8AogkebEPF0=",
        "owner": "vic",
        "repo": "import-tree",
        "rev": "3c23749d8013ec6daa1d7255057590e9ca726646",
        "type": "github"
      },
      "original": {
        "owner": "vic",
        "repo": "import-tree",
        "type": "github"
      }
    },
    "nix-darwin": {
      "inputs": {
        "nixpkgs": [
          "nixpkgs"
        ]
      },
      "locked": {
        "lastModified": 1780789116,
        "narHash": "sha256-+/LcDMJGYQVLp3ECZ1jBhj3GcQU+Yt+OTsDsQFz8cMs=",
        "owner": "nix-darwin",
        "repo": "nix-darwin",
        "rev": "731951a251ca96cbd12a8e1bde63737e21947644",
        "type": "github"
      },
      "original": {
        "owner": "nix-darwin",
        "ref": "nix-darwin-26.05",
        "repo": "nix-darwin",
        "type": "github"
      }
    },
    "nixpkgs": {
      "locked": {
        "lastModified": 1777954456,
        "narHash": "sha256-hGdgeU2Nk87RAuZyYjyDjFL6LK7dAZN5RE9+hrDTkDU=",
        "owner": "NixOS",
        "repo": "nixpkgs",
        "rev": "549bd84d6279f9852cae6225e372cc67fb91a4c1",
        "type": "github"
      },
      "original": {
        "owner": "NixOS",
        "ref": "nixos-unstable",
        "repo": "nixpkgs",
        "type": "github"
      }
    },
    "nixpkgs-lib": {
      "locked": {
        "lastModified": 1769909678,
        "narHash": "sha256-cBEymOf4/o3FD5AZnzC3J9hLbiZ+QDT/KDuyHXVJOpM=",
        "owner": "nix-community",
        "repo": "nixpkgs.lib",
        "rev": "72716169fe93074c333e8d0173151350670b824c",
        "type": "github"
      },
      "original": {
        "owner": "nix-community",
        "repo": "nixpkgs.lib",
        "type": "github"
      }
    },
    "nixpkgs_2": {
      "locked": {
        "lastModified": 1780734595,
        "narHash": "sha256-DmTfP92QFYRLOGXlMIE54MAgxSJjDWocl3gRNOu72Os=",
        "owner": "NixOS",
        "repo": "nixpkgs",
        "rev": "9b696460ac78b5ccfc17c854d8c976f20456e943",
        "type": "github"
      },
      "original": {
        "owner": "NixOS",
        "ref": "nixos-26.05",
        "repo": "nixpkgs",
        "type": "github"
      }
    },
    "root": {
      "inputs": {
        "claude-code-overlay": "claude-code-overlay",
        "hunk": "hunk",
        "nix-darwin": "nix-darwin",
        "nixpkgs": "nixpkgs_2",
        "termcopy": "termcopy",
        "tumbler": "tumbler"
      }
    },
    "rust-overlay": {
      "inputs": {
        "nixpkgs": [
          "termcopy",
          "nixpkgs"
        ]
      },
      "locked": {
        "lastModified": 1774062094,
        "narHash": "sha256-ba3c+hS7KzEiwtZRGHagIAYdcmdY3rCSWVCyn64rx7s=",
        "owner": "oxalica",
        "repo": "rust-overlay",
        "rev": "c807e83cc2e32adc35f51138b3bdef722c0812ab",
        "type": "github"
      },
      "original": {
        "owner": "oxalica",
        "repo": "rust-overlay",
        "type": "github"
      }
    },
    "rust-overlay_2": {
      "inputs": {
        "nixpkgs": [
          "tumbler",
          "nixpkgs"
        ]
      },
      "locked": {
        "lastModified": 1776136407,
        "narHash": "sha256-Cp8XrVLGruSDBTRs8L4LmvaEcd76tHHU9esLk7Ysa4E=",
        "owner": "oxalica",
        "repo": "rust-overlay",
        "rev": "753568957a87312ed599cba5699e67126eded6c0",
        "type": "github"
      },
      "original": {
        "owner": "oxalica",
        "repo": "rust-overlay",
        "type": "github"
      }
    },
    "systems": {
      "locked": {
        "lastModified": 1681028828,
        "narHash": "sha256-Vy1rq5AaRuLzOxct8nz4T6wlgyUR7zLU309k9mBC768=",
        "owner": "nix-systems",
        "repo": "default",
        "rev": "da67096a3b9bf56a91d16901293e51ba5b49a27e",
        "type": "github"
      },
      "original": {
        "owner": "nix-systems",
        "repo": "default",
        "type": "github"
      }
    },
    "termcopy": {
      "inputs": {
        "nixpkgs": [
          "nixpkgs"
        ],
        "rust-overlay": "rust-overlay"
      },
      "locked": {
        "lastModified": 1777569967,
        "narHash": "sha256-+eNgXFDBEi3juvasfoTmufqMfZqql0TU31UTJBe0Yx4=",
        "owner": "trevorbernard",
        "repo": "termcopy",
        "rev": "c7ea40171a1585b9fedab8f638684b26a46c7a6a",
        "type": "github"
      },
      "original": {
        "owner": "trevorbernard",
        "repo": "termcopy",
        "type": "github"
      }
    },
    "treefmt-nix": {
      "inputs": {
        "nixpkgs": [
          "hunk",
          "bun2nix",
          "nixpkgs"
        ]
      },
      "locked": {
        "lastModified": 1770228511,
        "narHash": "sha256-wQ6NJSuFqAEmIg2VMnLdCnUc0b7vslUohqqGGD+Fyxk=",
        "owner": "numtide",
        "repo": "treefmt-nix",
        "rev": "337a4fe074be1042a35086f15481d763b8ddc0e7",
        "type": "github"
      },
      "original": {
        "owner": "numtide",
        "repo": "treefmt-nix",
        "type": "github"
      }
    },
    "tumbler": {
      "inputs": {
        "nixpkgs": [
          "nixpkgs"
        ],
        "rust-overlay": "rust-overlay_2"
      },
      "locked": {
        "lastModified": 1776733837,
        "narHash": "sha256-SiCX10b5bRxFfq2ymixng1FPYOs6ouvrFvbCbIjIvHQ=",
        "owner": "trevorbernard",
        "repo": "tumbler",
        "rev": "905420989a27e0ac99610b80a35e93e1bc1435cb",
        "type": "github"
      },
      "original": {
        "owner": "trevorbernard",
        "ref": "v0.1.2",
        "repo": "tumbler",
        "type": "github"
      }
    }
  },
  "root": "root",
  "version": 7
}
