{
  "nodes": {
    "claude-code-overlay": {
      "inputs": {
        "nixpkgs": "nixpkgs"
      },
      "locked": {
        "lastModified": 1774302978,
        "narHash": "sha256-PCR6Gqmgu06zWcueVvvHa/z5AqPOdQ2Vt4gbCbBc/+A=",
        "owner": "ryoppippi",
        "repo": "claude-code-overlay",
        "rev": "9de89ca1dc76379a0faf86a3d2905a754b70b189",
        "type": "github"
      },
      "original": {
        "owner": "ryoppippi",
        "repo": "claude-code-overlay",
        "type": "github"
      }
    },
    "nix-darwin": {
      "inputs": {
        "nixpkgs": [
          "nixpkgs"
        ]
      },
      "locked": {
        "lastModified": 1772129556,
        "narHash": "sha256-Utk0zd8STPsUJPyjabhzPc5BpPodLTXrwkpXBHYnpeg=",
        "owner": "nix-darwin",
        "repo": "nix-darwin",
        "rev": "ebec37af18215214173c98cf6356d0aca24a2585",
        "type": "github"
      },
      "original": {
        "owner": "nix-darwin",
        "ref": "nix-darwin-25.11",
        "repo": "nix-darwin",
        "type": "github"
      }
    },
    "nixpkgs": {
      "locked": {
        "lastModified": 1768127708,
        "narHash": "sha256-1Sm77VfZh3mU0F5OqKABNLWxOuDeHIlcFjsXeeiPazs=",
        "owner": "NixOS",
        "repo": "nixpkgs",
        "rev": "ffbc9f8cbaacfb331b6017d5a5abb21a492c9a38",
        "type": "github"
      },
      "original": {
        "owner": "NixOS",
        "ref": "nixos-unstable",
        "repo": "nixpkgs",
        "type": "github"
      }
    },
    "nixpkgs_2": {
      "locked": {
        "lastModified": 1774068921,
        "narHash": "sha256-vh2d8CrQ5SbjCqbAW5jVNT930M7T5rUF2S9xbSJPGug=",
        "owner": "NixOS",
        "repo": "nixpkgs",
        "rev": "d1b583b6bb6491cabcd46f05f3685df95a236428",
        "type": "github"
      },
      "original": {
        "owner": "NixOS",
        "ref": "nixpkgs-25.11-darwin",
        "repo": "nixpkgs",
        "type": "github"
      }
    },
    "nixpkgs_3": {
      "locked": {
        "lastModified": 1755152343,
        "narHash": "sha256-6NhwGvii7Fh54oSg08iREp2LouDIpy9cZr2DHpbpzaA=",
        "owner": "NixOS",
        "repo": "nixpkgs",
        "rev": "20a42bc21e54ac69d390af482945da2ed0f818c4",
        "type": "github"
      },
      "original": {
        "owner": "NixOS",
        "ref": "nixos-25.05-small",
        "repo": "nixpkgs",
        "type": "github"
      }
    },
    "root": {
      "inputs": {
        "claude-code-overlay": "claude-code-overlay",
        "nix-darwin": "nix-darwin",
        "nixpkgs": "nixpkgs_2",
        "termcopy": "termcopy"
      }
    },
    "termcopy": {
      "inputs": {
        "nixpkgs": "nixpkgs_3"
      },
      "locked": {
        "lastModified": 1773921652,
        "narHash": "sha256-dfXZYIIakFJmGIkRvoLcEX8aD6zt9De2tMS7HwC58e0=",
        "owner": "trevorbernard",
        "repo": "termcopy",
        "rev": "4d9d26e088474aa870f709fdb6947eccfba7cb82",
        "type": "github"
      },
      "original": {
        "owner": "trevorbernard",
        "repo": "termcopy",
        "type": "github"
      }
    }
  },
  "root": "root",
  "version": 7
}
