{
  "nodes": {
    "claude-code-overlay": {
      "inputs": {
        "nixpkgs": "nixpkgs"
      },
      "locked": {
        "lastModified": 1771013171,
        "narHash": "sha256-2gV0u8wwIVPQfR4PGZKxR+pZAb/Q31WFMqVUZzMq3NA=",
        "owner": "ryoppippi",
        "repo": "claude-code-overlay",
        "rev": "69824434aa2b7e6bacd77a99e74ad0e5b7f9f7ed",
        "type": "github"
      },
      "original": {
        "owner": "ryoppippi",
        "repo": "claude-code-overlay",
        "type": "github"
      }
    },
    "nix-darwin": {
      "inputs": {
        "nixpkgs": [
          "nixpkgs"
        ]
      },
      "locked": {
        "lastModified": 1767634391,
        "narHash": "sha256-owcSz2ICqTSvhBbhPP+1eWzi88e54rRZtfCNE5E/wwg=",
        "owner": "nix-darwin",
        "repo": "nix-darwin",
        "rev": "08585aacc3d6d6c280a02da195fdbd4b9cf083c2",
        "type": "github"
      },
      "original": {
        "owner": "nix-darwin",
        "ref": "nix-darwin-25.11",
        "repo": "nix-darwin",
        "type": "github"
      }
    },
    "nixpkgs": {
      "locked": {
        "lastModified": 1768127708,
        "narHash": "sha256-1Sm77VfZh3mU0F5OqKABNLWxOuDeHIlcFjsXeeiPazs=",
        "owner": "NixOS",
        "repo": "nixpkgs",
        "rev": "ffbc9f8cbaacfb331b6017d5a5abb21a492c9a38",
        "type": "github"
      },
      "original": {
        "owner": "NixOS",
        "ref": "nixos-unstable",
        "repo": "nixpkgs",
        "type": "github"
      }
    },
    "nixpkgs_2": {
      "locked": {
        "lastModified": 1769566947,
        "narHash": "sha256-UpkIqCn9t4DYgzjoY87pYYVklmWcse+QDJjW4czz3BE=",
        "owner": "NixOS",
        "repo": "nixpkgs",
        "rev": "b8b099e0cf8cf14c3ff5482bf3c3cd92f8efa628",
        "type": "github"
      },
      "original": {
        "owner": "NixOS",
        "ref": "nixpkgs-25.11-darwin",
        "repo": "nixpkgs",
        "type": "github"
      }
    },
    "nixpkgs_3": {
      "locked": {
        "lastModified": 1755152343,
        "narHash": "sha256-6NhwGvii7Fh54oSg08iREp2LouDIpy9cZr2DHpbpzaA=",
        "owner": "NixOS",
        "repo": "nixpkgs",
        "rev": "20a42bc21e54ac69d390af482945da2ed0f818c4",
        "type": "github"
      },
      "original": {
        "owner": "NixOS",
        "ref": "nixos-25.05-small",
        "repo": "nixpkgs",
        "type": "github"
      }
    },
    "root": {
      "inputs": {
        "claude-code-overlay": "claude-code-overlay",
        "nix-darwin": "nix-darwin",
        "nixpkgs": "nixpkgs_2",
        "termcopy": "termcopy"
      }
    },
    "termcopy": {
      "inputs": {
        "nixpkgs": "nixpkgs_3"
      },
      "locked": {
        "lastModified": 1768926218,
        "narHash": "sha256-dPazIr1DUF/b8pHEBcWJUCyzYLvFbwm/j9iaDNwUfhg=",
        "owner": "trevorbernard",
        "repo": "termcopy",
        "rev": "a5c021bced69df99954344174ca748da9cb1ef83",
        "type": "github"
      },
      "original": {
        "owner": "trevorbernard",
        "repo": "termcopy",
        "type": "github"
      }
    }
  },
  "root": "root",
  "version": 7
}
